
Microsoft Visual Studio Solution File, Format Version 12.00
# Visual Studio Version 17
VisualStudioVersion = 17.14.36915.13 d17.14
MinimumVisualStudioVersion = 10.0.40219.1
Project("{FAE04EC0-301F-11D3-BF4B-00C04F79EFBC}") = "CrunchyrollRatingMapper", "CrunchyrollRatingMapper\CrunchyrollRatingMapper.csproj", "{98184D91-2D85-425C-938D-26621486E91D}"
EndProject
Global
	GlobalSection(SolutionConfigurationPlatforms) = preSolution
		Debug|Any CPU = Debug|Any CPU
		Release|Any CPU = Release|Any CPU
	EndGlobalSection
	GlobalSection(ProjectConfigurationPlatforms) = postSolution
		{98184D91-2D85-425C-938D-26621486E91D}.Debug|Any CPU.ActiveCfg = Debug|Any CPU
		{98184D91-2D85-425C-938D-26621486E91D}.Debug|Any CPU.Build.0 = Debug|Any CPU
		{98184D91-2D85-425C-938D-26621486E91D}.Release|Any CPU.ActiveCfg = Release|Any CPU
		{98184D91-2D85-425C-938D-26621486E91D}.Release|Any CPU.Build.0 = Release|Any CPU
	EndGlobalSection
	GlobalSection(SolutionProperties) = preSolution
		HideSolutionNode = FALSE
	EndGlobalSection
	GlobalSection(ExtensibilityGlobals) = postSolution
		SolutionGuid = {DA96AC1F-74BC-4DB2-A087-04C8DCA6D265}
	EndGlobalSection
EndGlobal
